// !$*UTF8*$!
{
	archiveVersion = 1;
	classes = {
	};
	objectVersion = 46;
	objects = {

/* Begin PBXBuildFile section */
		F702184C1E9EC3C000AF49CF /* main.swift in Sources */ = {isa = PBXBuildFile; fileRef = F702184B1E9EC3C000AF49CF /* main.swift */; };
		F70218531E9ECFC100AF49CF /* kernel.metal in Sources */ = {isa = PBXBuildFile; fileRef = F70218521E9ECFC100AF49CF /* kernel.metal */; };
/* End PBXBuildFile section */

/* Begin PBXContainerItemProxy section */
		F73FFC121EA95B3E0020F0B8 /* PBXContainerItemProxy */ = {
			isa = PBXContainerItemProxy;
			containerPortal = F73FFC0C1EA95B3D0020F0B8 /* iOSMetal.xcodeproj */;
			proxyType = 2;
			remoteGlobalIDString = F73FFBDB1EA95B3D0020F0B8;
			remoteInfo = iOSMetal;
		};
		F73FFC141EA95B3E0020F0B8 /* PBXContainerItemProxy */ = {
			isa = PBXContainerItemProxy;
			containerPortal = F73FFC0C1EA95B3D0020F0B8 /* iOSMetal.xcodeproj */;
			proxyType = 2;
			remoteGlobalIDString = F73FFBEF1EA95B3D0020F0B8;
			remoteInfo = iOSMetalTests;
		};
		F73FFC161EA95B3E0020F0B8 /* PBXContainerItemProxy */ = {
			isa = PBXContainerItemProxy;
			containerPortal = F73FFC0C1EA95B3D0020F0B8 /* iOSMetal.xcodeproj */;
			proxyType = 2;
			remoteGlobalIDString = F73FFBFA1EA95B3D0020F0B8;
			remoteInfo = iOSMetalUITests;
		};
/* End PBXContainerItemProxy section */

/* Begin PBXCopyFilesBuildPhase section */
		F70218461E9EC3C000AF49CF /* CopyFiles */ = {
			isa = PBXCopyFilesBuildPhase;
			buildActionMask = 2147483647;
			dstPath = /usr/share/man/man1/;
			dstSubfolderSpec = 0;
			files = (
			);
			runOnlyForDeploymentPostprocessing = 1;
		};
/* End PBXCopyFilesBuildPhase section */

/* Begin PBXFileReference section */
		F70218481E9EC3C000AF49CF /* MetalPlayground */ = {isa = PBXFileReference; explicitFileType = "compiled.mach-o.executable"; includeInIndex = 0; path = MetalPlayground; sourceTree = BUILT_PRODUCTS_DIR; };
		F702184B1E9EC3C000AF49CF /* main.swift */ = {isa = PBXFileReference; lastKnownFileType = sourcecode.swift; path = main.swift; sourceTree = "<group>"; };
		F70218521E9ECFC100AF49CF /* kernel.metal */ = {isa = PBXFileReference; fileEncoding = 4; lastKnownFileType = sourcecode.metal; path = kernel.metal; sourceTree = "<group>"; };
		F73FFC0C1EA95B3D0020F0B8 /* iOSMetal.xcodeproj */ = {isa = PBXFileReference; lastKnownFileType = "wrapper.pb-project"; name = iOSMetal.xcodeproj; path = iOSMetal/iOSMetal.xcodeproj; sourceTree = "<group>"; };
/* End PBXFileReference section */

/* Begin PBXFrameworksBuildPhase section */
		F70218451E9EC3C000AF49CF /* Frameworks */ = {
			isa = PBXFrameworksBuildPhase;
			buildActionMask = 2147483647;
			files = (
			);
			runOnlyForDeploymentPostprocessing = 0;
		};
/* End PBXFrameworksBuildPhase section */

/* Begin PBXGroup section */
		F702183F1E9EC3C000AF49CF = {
			isa = PBXGroup;
			children = (
				F702184A1E9EC3C000AF49CF /* MetalPlayground */,
				F70218491E9EC3C000AF49CF /* Products */,
			);
			sourceTree = "<group>";
		};
		F70218491E9EC3C000AF49CF /* Products */ = {
			isa = PBXGroup;
			children = (
				F70218481E9EC3C000AF49CF /* MetalPlayground */,
			);
			name = Products;
			sourceTree = "<group>";
		};
		F702184A1E9EC3C000AF49CF /* MetalPlayground */ = {
			isa = PBXGroup;
			children = (
				F73FFC0C1EA95B3D0020F0B8 /* iOSMetal.xcodeproj */,
				F702184B1E9EC3C000AF49CF /* main.swift */,
				F70218521E9ECFC100AF49CF /* kernel.metal */,
			);
			path = MetalPlayground;
			sourceTree = "<group>";
		};
		F73FFC0D1EA95B3D0020F0B8 /* Products */ = {
			isa = PBXGroup;
			children = (
				F73FFC131EA95B3E0020F0B8 /* iOSMetal.app */,
				F73FFC151EA95B3E0020F0B8 /* iOSMetalTests.xctest */,
				F73FFC171EA95B3E0020F0B8 /* iOSMetalUITests.xctest */,
			);
			name = Products;
			sourceTree = "<group>";
		};
/* End PBXGroup section */

/* Begin PBXNativeTarget section */
		F70218471E9EC3C000AF49CF /* MetalPlayground */ = {
			isa = PBXNativeTarget;
			buildConfigurationList = F702184F1E9EC3C100AF49CF /* Build configuration list for PBXNativeTarget "MetalPlayground" */;
			buildPhases = (
				F70218441E9EC3C000AF49CF /* Sources */,
				F70218451E9EC3C000AF49CF /* Frameworks */,
				F70218461E9EC3C000AF49CF /* CopyFiles */,
			);
			buildRules = (
			);
			dependencies = (
			);
			name = MetalPlayground;
			productName = MetalPlayground;
			productReference = F70218481E9EC3C000AF49CF /* MetalPlayground */;
			productType = "com.apple.product-type.tool";
		};
/* End PBXNativeTarget section */

/* Begin PBXProject section */
		F70218401E9EC3C000AF49CF /* Project object */ = {
			isa = PBXProject;
			attributes = {
				LastSwiftUpdateCheck = 0830;
				LastUpgradeCheck = 0830;
				ORGANIZATIONNAME = Magnus;
				TargetAttributes = {
					F70218471E9EC3C000AF49CF = {
						CreatedOnToolsVersion = 8.3.1;
						ProvisioningStyle = Automatic;
					};
				};
			};
			buildConfigurationList = F70218431E9EC3C000AF49CF /* Build configuration list for PBXProject "MetalPlayground" */;
			compatibilityVersion = "Xcode 3.2";
			developmentRegion = English;
			hasScannedForEncodings = 0;
			knownRegions = (
				en,
			);
			mainGroup = F702183F1E9EC3C000AF49CF;
			productRefGroup = F70218491E9EC3C000AF49CF /* Products */;
			projectDirPath = "";
			projectReferences = (
				{
					ProductGroup = F73FFC0D1EA95B3D0020F0B8 /* Products */;
					ProjectRef = F73FFC0C1EA95B3D0020F0B8 /* iOSMetal.xcodeproj */;
				},
			);
			projectRoot = "";
			targets = (
				F70218471E9EC3C000AF49CF /* MetalPlayground */,
			);
		};
/* End PBXProject section */

/* Begin PBXReferenceProxy section */
		F73FFC131EA95B3E0020F0B8 /* iOSMetal.app */ = {
			isa = PBXReferenceProxy;
			fileType = wrapper.application;
			path = iOSMetal.app;
			remoteRef = F73FFC121EA95B3E0020F0B8 /* PBXContainerItemProxy */;
			sourceTree = BUILT_PRODUCTS_DIR;
		};
		F73FFC151EA95B3E0020F0B8 /* iOSMetalTests.xctest */ = {
			isa = PBXReferenceProxy;
			fileType = wrapper.cfbundle;
			path = iOSMetalTests.xctest;
			remoteRef = F73FFC141EA95B3E0020F0B8 /* PBXContainerItemProxy */;
			sourceTree = BUILT_PRODUCTS_DIR;
		};
		F73FFC171EA95B3E0020F0B8 /* iOSMetalUITests.xctest */ = {
			isa = PBXReferenceProxy;
			fileType = wrapper.cfbundle;
			path = iOSMetalUITests.xctest;
			remoteRef = F73FFC161EA95B3E0020F0B8 /* PBXContainerItemProxy */;
			sourceTree = BUILT_PRODUCTS_DIR;
		};
/* End PBXReferenceProxy section */

/* Begin PBXSourcesBuildPhase section */
		F70218441E9EC3C000AF49CF /* Sources */ = {
			isa = PBXSourcesBuildPhase;
			buildActionMask = 2147483647;
			files = (
				F70218531E9ECFC100AF49CF /* kernel.metal in Sources */,
				F702184C1E9EC3C000AF49CF /* main.swift in Sources */,
			);
			runOnlyForDeploymentPostprocessing = 0;
		};
/* End PBXSourcesBuildPhase section */

/* Begin XCBuildConfiguration section */
		F702184D1E9EC3C000AF49CF /* Debug */ = {
			isa = XCBuildConfiguration;
			buildSettings = {
				ALWAYS_SEARCH_USER_PATHS = NO;
				CLANG_ANALYZER_NONNULL = YES;
				CLANG_ANALYZER_NUMBER_OBJECT_CONVERSION = YES_AGGRESSIVE;
				CLANG_CXX_LANGUAGE_STANDARD = "gnu++0x";
				CLANG_CXX_LIBRARY = "libc++";
				CLANG_ENABLE_MODULES = YES;
				CLANG_ENABLE_OBJC_ARC = YES;
				CLANG_WARN_BOOL_CONVERSION = YES;
				CLANG_WARN_CONSTANT_CONVERSION = YES;
				CLANG_WARN_DIRECT_OBJC_ISA_USAGE = YES_ERROR;
				CLANG_WARN_DOCUMENTATION_COMMENTS = YES;
				CLANG_WARN_EMPTY_BODY = YES;
				CLANG_WARN_ENUM_CONVERSION = YES;
				CLANG_WARN_INFINITE_RECURSION = YES;
				CLANG_WARN_INT_CONVERSION = YES;
				CLANG_WARN_OBJC_ROOT_CLASS = YES_ERROR;
				CLANG_WARN_SUSPICIOUS_MOVE = YES;
				CLANG_WARN_UNREACHABLE_CODE = YES;
				CLANG_WARN__DUPLICATE_METHOD_MATCH = YES;
				CODE_SIGN_IDENTITY = "-";
				COPY_PHASE_STRIP = NO;
				DEBUG_INFORMATION_FORMAT = dwarf;
				ENABLE_STRICT_OBJC_MSGSEND = YES;
				ENABLE_TESTABILITY = YES;
				GCC_C_LANGUAGE_STANDARD = gnu99;
				GCC_DYNAMIC_NO_PIC = NO;
				GCC_NO_COMMON_BLOCKS = YES;
				GCC_OPTIMIZATION_LEVEL = 0;
				GCC_PREPROCESSOR_DEFINITIONS = (
					"DEBUG=1",
					"$(inherited)",
				);
				GCC_WARN_64_TO_32_BIT_CONVERSION = YES;
				GCC_WARN_ABOUT_RETURN_TYPE = YES_ERROR;
				GCC_WARN_UNDECLARED_SELECTOR = YES;
				GCC_WARN_UNINITIALIZED_AUTOS = YES_AGGRESSIVE;
				GCC_WARN_UNUSED_FUNCTION = YES;
				GCC_WARN_UNUSED_VARIABLE = YES;
				MACOSX_DEPLOYMENT_TARGET = 10.12;
				MTL_ENABLE_DEBUG_INFO = YES;
				ONLY_ACTIVE_ARCH = YES;
				SDKROOT = macosx;
				SWIFT_OPTIMIZATION_LEVEL = "-Onone";
			};
			name = Debug;
		};
		F702184E1E9EC3C000AF49CF /* Release */ = {
			isa = XCBuildConfiguration;
			buildSettings = {
				ALWAYS_SEARCH_USER_PATHS = NO;
				CLANG_ANALYZER_NONNULL = YES;
				CLANG_ANALYZER_NUMBER_OBJECT_CONVERSION = YES_AGGRESSIVE;
				CLANG_CXX_LANGUAGE_STANDARD = "gnu++0x";
				CLANG_CXX_LIBRARY = "libc++";
				CLANG_ENABLE_MODULES = YES;
				CLANG_ENABLE_OBJC_ARC = YES;
				CLANG_WARN_BOOL_CONVERSION = YES;
				CLANG_WARN_CONSTANT_CONVERSION = YES;
				CLANG_WARN_DIRECT_OBJC_ISA_USAGE = YES_ERROR;
				CLANG_WARN_DOCUMENTATION_COMMENTS = YES;
				CLANG_WARN_EMPTY_BODY = YES;
				CLANG_WARN_ENUM_CONVERSION = YES;
				CLANG_WARN_INFINITE_RECURSION = YES;
				CLANG_WARN_INT_CONVERSION = YES;
				CLANG_WARN_OBJC_ROOT_CLASS = YES_ERROR;
				CLANG_WARN_SUSPICIOUS_MOVE = YES;
				CLANG_WARN_UNREACHABLE_CODE = YES;
				CLANG_WARN__DUPLICATE_METHOD_MATCH = YES;
				CODE_SIGN_IDENTITY = "-";
				COPY_PHASE_STRIP = NO;
				DEBUG_INFORMATION_FORMAT = "dwarf-with-dsym";
				ENABLE_NS_ASSERTIONS = NO;
				ENABLE_STRICT_OBJC_MSGSEND = YES;
				GCC_C_LANGUAGE_STANDARD = gnu99;
				GCC_NO_COMMON_BLOCKS = YES;
				GCC_WARN_64_TO_32_BIT_CONVERSION = YES;
				GCC_WARN_ABOUT_RETURN_TYPE = YES_ERROR;
				GCC_WARN_UNDECLARED_SELECTOR = YES;
				GCC_WARN_UNINITIALIZED_AUTOS = YES_AGGRESSIVE;
				GCC_WARN_UNUSED_FUNCTION = YES;
				GCC_WARN_UNUSED_VARIABLE = YES;
				MACOSX_DEPLOYMENT_TARGET = 10.12;
				MTL_ENABLE_DEBUG_INFO = NO;
				SDKROOT = macosx;
			};
			name = Release;
		};
		F70218501E9EC3C100AF49CF /* Debug */ = {
			isa = XCBuildConfiguration;
			buildSettings = {
				PRODUCT_NAME = "$(TARGET_NAME)";
				SWIFT_VERSION = 3.0;
			};
			name = Debug;
		};
		F70218511E9EC3C100AF49CF /* Release */ = {
			isa = XCBuildConfiguration;
			buildSettings = {
				PRODUCT_NAME = "$(TARGET_NAME)";
				SWIFT_VERSION = 3.0;
			};
			name = Release;
		};
/* End XCBuildConfiguration section */

/* Begin XCConfigurationList section */
		F70218431E9EC3C000AF49CF /* Build configuration list for PBXProject "MetalPlayground" */ = {
			isa = XCConfigurationList;
			buildConfigurations = (
				F702184D1E9EC3C000AF49CF /* Debug */,
				F702184E1E9EC3C000AF49CF /* Release */,
			);
			defaultConfigurationIsVisible = 0;
			defaultConfigurationName = Release;
		};
		F702184F1E9EC3C100AF49CF /* Build configuration list for PBXNativeTarget "MetalPlayground" */ = {
			isa = XCConfigurationList;
			buildConfigurations = (
				F70218501E9EC3C100AF49CF /* Debug */,
				F70218511E9EC3C100AF49CF /* Release */,
			);
			defaultConfigurationIsVisible = 0;
			defaultConfigurationName = Release;
		};
/* End XCConfigurationList section */
	};
	rootObject = F70218401E9EC3C000AF49CF /* Project object */;
}
